{
  "name": "vib34d-xr-quaternion-sdk",
  "version": "1.0.0",
  "lockfileVersion": 3,
  "requires": true,
  "packages": {
    "": {
      "name": "vib34d-xr-quaternion-sdk",
      "version": "1.0.0",
      "license": "SEE LICENSE IN DOCS/LICENSE_ATTESTATION_PROFILE_CATALOG.md",
      "engines": {
        "node": ">=16.0.0"
      }
    }
  }
}
